<?xml version="1.0" encoding="utf-8"?>
<Project ToolsVersion="4.0" xmlns="http://schemas.microsoft.com/developer/msbuild/2003">
  <ItemGroup>
    <Text Include="bin\README.txt" />
    <Text Include="include\README.txt" />
    <Text Include="lib\README.txt" />
    <Text Include="obj\README.txt" />
  </ItemGroup>
  <ItemGroup>
    <None Include="README.md" />
    <None Include="src\README.md" />
  </ItemGroup>
  <ItemGroup>
    <ClCompile Include="src\app.cpp" />
    <ClCompile Include="src\frames\main_frame.cpp" />
    <ClCompile Include="src\frames\exam_frame.cpp" />
    <ClCompile Include="src\panels\questions_navigation_panel.cpp" />
    <ClCompile Include="src\panels\questions_panel.cpp" />
    <ClCompile Include="src\panels\section_info_panel.cpp" />
    <ClCompile Include="src\panels\test_info_panel.cpp" />
  </ItemGroup>
  <ItemGroup>
    <ClInclude Include="src\app.h" />
    <ClInclude Include="src\frames\main_frame.h" />
    <ClInclude Include="src\frames\exam_frame.h" />
    <ClInclude Include="src\data structures\test_starting_info.h" />
    <ClInclude Include="src\panels\questions_navigation_panel.h" />
    <ClInclude Include="src\panels\questions_panel.h" />
    <ClInclude Include="src\panels\section_info_panel.h" />
    <ClInclude Include="src\panels\test_info_panel.h" />
  </ItemGroup>
</Project>